
Microsoft Visual Studio Solution File, Format Version 12.00
# Visual Studio for Mac
Project("{FAE04EC0-301F-11D3-BF4B-00C04F79EFBC}") = "Assembly-CSharp-firstpass", "Assembly-CSharp-firstpass.csproj", "{C44DD05F-F66A-53E7-0CDA-B60050C87633}"
EndProject
Project("{FAE04EC0-301F-11D3-BF4B-00C04F79EFBC}") = "Assembly-CSharp", "Assembly-CSharp.csproj", "{C82DCB6A-72C0-2839-2365-FE1C576BFCBC}"
EndProject
Project("{FAE04EC0-301F-11D3-BF4B-00C04F79EFBC}") = "Assembly-CSharp-Editor", "Assembly-CSharp-Editor.csproj", "{7BDD1C8B-4AA6-13F4-0B01-38C8C2C5019F}"
EndProject
Global
	GlobalSection(SolutionConfigurationPlatforms) = preSolution
		Debug|Any CPU = Debug|Any CPU
		Release|Any CPU = Release|Any CPU
	EndGlobalSection
	GlobalSection(ProjectConfigurationPlatforms) = postSolution
		{C44DD05F-F66A-53E7-0CDA-B60050C87633}.Debug|Any CPU.ActiveCfg = Debug|Any CPU
		{C44DD05F-F66A-53E7-0CDA-B60050C87633}.Debug|Any CPU.Build.0 = Debug|Any CPU
		{C44DD05F-F66A-53E7-0CDA-B60050C87633}.Release|Any CPU.ActiveCfg = Release|Any CPU
		{C44DD05F-F66A-53E7-0CDA-B60050C87633}.Release|Any CPU.Build.0 = Release|Any CPU
		{C82DCB6A-72C0-2839-2365-FE1C576BFCBC}.Debug|Any CPU.ActiveCfg = Debug|Any CPU
		{C82DCB6A-72C0-2839-2365-FE1C576BFCBC}.Debug|Any CPU.Build.0 = Debug|Any CPU
		{C82DCB6A-72C0-2839-2365-FE1C576BFCBC}.Release|Any CPU.ActiveCfg = Release|Any CPU
		{C82DCB6A-72C0-2839-2365-FE1C576BFCBC}.Release|Any CPU.Build.0 = Release|Any CPU
		{7BDD1C8B-4AA6-13F4-0B01-38C8C2C5019F}.Debug|Any CPU.ActiveCfg = Debug|Any CPU
		{7BDD1C8B-4AA6-13F4-0B01-38C8C2C5019F}.Debug|Any CPU.Build.0 = Debug|Any CPU
		{7BDD1C8B-4AA6-13F4-0B01-38C8C2C5019F}.Release|Any CPU.ActiveCfg = Release|Any CPU
		{7BDD1C8B-4AA6-13F4-0B01-38C8C2C5019F}.Release|Any CPU.Build.0 = Release|Any CPU
	EndGlobalSection
	GlobalSection(SolutionProperties) = preSolution
		HideSolutionNode = FALSE
	EndGlobalSection
EndGlobal
