
Microsoft Visual Studio Solution File, Format Version 12.00
# Visual Studio 2015
Project("{FAE04EC0-301F-11D3-BF4B-00C04F79EFBC}") = "UnityVS.Tartarus Maze 2.CSharp.Plugins", "UnityVS.Tartarus Maze 2.CSharp.Plugins.csproj", "{0CF2FA9A-91BC-A0FF-4929-EE5B17DF41A1}"
EndProject
Project("{FAE04EC0-301F-11D3-BF4B-00C04F79EFBC}") = "UnityVS.Tartarus Maze 2.CSharp", "UnityVS.Tartarus Maze 2.CSharp.csproj", "{E4146F65-F488-BEEA-A997-069A3DE74183}"
EndProject
Project("{FAE04EC0-301F-11D3-BF4B-00C04F79EFBC}") = "UnityVS.Tartarus Maze 2.CSharp.Editor", "UnityVS.Tartarus Maze 2.CSharp.Editor.csproj", "{45E1F021-E742-2F3A-598C-157E6D51F6E6}"
EndProject
Global
	GlobalSection(SolutionConfigurationPlatforms) = preSolution
		Debug|Any CPU = Debug|Any CPU
		Release|Any CPU = Release|Any CPU
	EndGlobalSection
	GlobalSection(ProjectConfigurationPlatforms) = postSolution
		{0CF2FA9A-91BC-A0FF-4929-EE5B17DF41A1}.Debug|Any CPU.ActiveCfg = Debug|Any CPU
		{0CF2FA9A-91BC-A0FF-4929-EE5B17DF41A1}.Debug|Any CPU.Build.0 = Debug|Any CPU
		{0CF2FA9A-91BC-A0FF-4929-EE5B17DF41A1}.Release|Any CPU.ActiveCfg = Release|Any CPU
		{0CF2FA9A-91BC-A0FF-4929-EE5B17DF41A1}.Release|Any CPU.Build.0 = Release|Any CPU
		{E4146F65-F488-BEEA-A997-069A3DE74183}.Debug|Any CPU.ActiveCfg = Debug|Any CPU
		{E4146F65-F488-BEEA-A997-069A3DE74183}.Debug|Any CPU.Build.0 = Debug|Any CPU
		{E4146F65-F488-BEEA-A997-069A3DE74183}.Release|Any CPU.ActiveCfg = Release|Any CPU
		{E4146F65-F488-BEEA-A997-069A3DE74183}.Release|Any CPU.Build.0 = Release|Any CPU
		{45E1F021-E742-2F3A-598C-157E6D51F6E6}.Debug|Any CPU.ActiveCfg = Debug|Any CPU
		{45E1F021-E742-2F3A-598C-157E6D51F6E6}.Debug|Any CPU.Build.0 = Debug|Any CPU
		{45E1F021-E742-2F3A-598C-157E6D51F6E6}.Release|Any CPU.ActiveCfg = Release|Any CPU
		{45E1F021-E742-2F3A-598C-157E6D51F6E6}.Release|Any CPU.Build.0 = Release|Any CPU
	EndGlobalSection
	GlobalSection(SolutionProperties) = preSolution
		HideSolutionNode = FALSE
	EndGlobalSection
EndGlobal
